// !$*UTF8*$!
{
	archiveVersion = 1;
	classes = {
	};
	objectVersion = 50;
	objects = {

/* Begin PBXBuildFile section */
		42565CD1213EFA7200FABCCD /* main.swift in Sources */ = {isa = PBXBuildFile; fileRef = 42565CD0213EFA7200FABCCD /* main.swift */; };
		42565CDA21427A1900FABCCD /* LinkedListSequence.swift in Sources */ = {isa = PBXBuildFile; fileRef = 42565CD921427A1900FABCCD /* LinkedListSequence.swift */; };
		42565CDC2142874E00FABCCD /* WrappedCollections.swift in Sources */ = {isa = PBXBuildFile; fileRef = 42565CDB2142874E00FABCCD /* WrappedCollections.swift */; };
		42B98C7521454F4F00BA1946 /* LazyScanSequence.swift in Sources */ = {isa = PBXBuildFile; fileRef = 42B98C7421454F4F00BA1946 /* LazyScanSequence.swift */; };
/* End PBXBuildFile section */

/* Begin PBXCopyFilesBuildPhase section */
		42565CCB213EFA7200FABCCD /* CopyFiles */ = {
			isa = PBXCopyFilesBuildPhase;
			buildActionMask = 2147483647;
			dstPath = /usr/share/man/man1/;
			dstSubfolderSpec = 0;
			files = (
			);
			runOnlyForDeploymentPostprocessing = 1;
		};
/* End PBXCopyFilesBuildPhase section */

/* Begin PBXFileReference section */
		42565CCD213EFA7200FABCCD /* LazyPrefix */ = {isa = PBXFileReference; explicitFileType = "compiled.mach-o.executable"; includeInIndex = 0; path = LazyPrefix; sourceTree = BUILT_PRODUCTS_DIR; };
		42565CD0213EFA7200FABCCD /* main.swift */ = {isa = PBXFileReference; lastKnownFileType = sourcecode.swift; path = main.swift; sourceTree = "<group>"; };
		42565CD921427A1900FABCCD /* LinkedListSequence.swift */ = {isa = PBXFileReference; lastKnownFileType = sourcecode.swift; path = LinkedListSequence.swift; sourceTree = "<group>"; };
		42565CDB2142874E00FABCCD /* WrappedCollections.swift */ = {isa = PBXFileReference; lastKnownFileType = sourcecode.swift; path = WrappedCollections.swift; sourceTree = "<group>"; };
		42B98C7421454F4F00BA1946 /* LazyScanSequence.swift */ = {isa = PBXFileReference; lastKnownFileType = sourcecode.swift; path = LazyScanSequence.swift; sourceTree = "<group>"; };
/* End PBXFileReference section */

/* Begin PBXFrameworksBuildPhase section */
		42565CCA213EFA7200FABCCD /* Frameworks */ = {
			isa = PBXFrameworksBuildPhase;
			buildActionMask = 2147483647;
			files = (
			);
			runOnlyForDeploymentPostprocessing = 0;
		};
/* End PBXFrameworksBuildPhase section */

/* Begin PBXGroup section */
		42565CC4213EFA7200FABCCD = {
			isa = PBXGroup;
			children = (
				42565CCF213EFA7200FABCCD /* LazyPrefix */,
				42565CCE213EFA7200FABCCD /* Products */,
			);
			sourceTree = "<group>";
		};
		42565CCE213EFA7200FABCCD /* Products */ = {
			isa = PBXGroup;
			children = (
				42565CCD213EFA7200FABCCD /* LazyPrefix */,
			);
			name = Products;
			sourceTree = "<group>";
		};
		42565CCF213EFA7200FABCCD /* LazyPrefix */ = {
			isa = PBXGroup;
			children = (
				42565CD0213EFA7200FABCCD /* main.swift */,
				42B98C7421454F4F00BA1946 /* LazyScanSequence.swift */,
				42565CD921427A1900FABCCD /* LinkedListSequence.swift */,
				42565CDB2142874E00FABCCD /* WrappedCollections.swift */,
			);
			path = LazyPrefix;
			sourceTree = "<group>";
		};
/* End PBXGroup section */

/* Begin PBXNativeTarget section */
		42565CCC213EFA7200FABCCD /* LazyPrefix */ = {
			isa = PBXNativeTarget;
			buildConfigurationList = 42565CD4213EFA7200FABCCD /* Build configuration list for PBXNativeTarget "LazyPrefix" */;
			buildPhases = (
				42565CC9213EFA7200FABCCD /* Sources */,
				42565CCA213EFA7200FABCCD /* Frameworks */,
				42565CCB213EFA7200FABCCD /* CopyFiles */,
			);
			buildRules = (
			);
			dependencies = (
			);
			name = LazyPrefix;
			productName = LazyPrefix;
			productReference = 42565CCD213EFA7200FABCCD /* LazyPrefix */;
			productType = "com.apple.product-type.tool";
		};
/* End PBXNativeTarget section */

/* Begin PBXProject section */
		42565CC5213EFA7200FABCCD /* Project object */ = {
			isa = PBXProject;
			attributes = {
				LastSwiftUpdateCheck = 1000;
				LastUpgradeCheck = 1000;
				ORGANIZATIONNAME = "Robin Malhotra";
				TargetAttributes = {
					42565CCC213EFA7200FABCCD = {
						CreatedOnToolsVersion = 10.0;
					};
				};
			};
			buildConfigurationList = 42565CC8213EFA7200FABCCD /* Build configuration list for PBXProject "LazyPrefix" */;
			compatibilityVersion = "Xcode 9.3";
			developmentRegion = en;
			hasScannedForEncodings = 0;
			knownRegions = (
				en,
			);
			mainGroup = 42565CC4213EFA7200FABCCD;
			productRefGroup = 42565CCE213EFA7200FABCCD /* Products */;
			projectDirPath = "";
			projectRoot = "";
			targets = (
				42565CCC213EFA7200FABCCD /* LazyPrefix */,
			);
		};
/* End PBXProject section */

/* Begin PBXSourcesBuildPhase section */
		42565CC9213EFA7200FABCCD /* Sources */ = {
			isa = PBXSourcesBuildPhase;
			buildActionMask = 2147483647;
			files = (
				42565CD1213EFA7200FABCCD /* main.swift in Sources */,
				42565CDC2142874E00FABCCD /* WrappedCollections.swift in Sources */,
				42565CDA21427A1900FABCCD /* LinkedListSequence.swift in Sources */,
				42B98C7521454F4F00BA1946 /* LazyScanSequence.swift in Sources */,
			);
			runOnlyForDeploymentPostprocessing = 0;
		};
/* End PBXSourcesBuildPhase section */

/* Begin XCBuildConfiguration section */
		42565CD2213EFA7200FABCCD /* Debug */ = {
			isa = XCBuildConfiguration;
			buildSettings = {
				ALWAYS_SEARCH_USER_PATHS = NO;
				CLANG_ANALYZER_NONNULL = YES;
				CLANG_ANALYZER_NUMBER_OBJECT_CONVERSION = YES_AGGRESSIVE;
				CLANG_CXX_LANGUAGE_STANDARD = "gnu++14";
				CLANG_CXX_LIBRARY = "libc++";
				CLANG_ENABLE_MODULES = YES;
				CLANG_ENABLE_OBJC_ARC = YES;
				CLANG_ENABLE_OBJC_WEAK = YES;
				CLANG_WARN_BLOCK_CAPTURE_AUTORELEASING = YES;
				CLANG_WARN_BOOL_CONVERSION = YES;
				CLANG_WARN_COMMA = YES;
				CLANG_WARN_CONSTANT_CONVERSION = YES;
				CLANG_WARN_DEPRECATED_OBJC_IMPLEMENTATIONS = YES;
				CLANG_WARN_DIRECT_OBJC_ISA_USAGE = YES_ERROR;
				CLANG_WARN_DOCUMENTATION_COMMENTS = YES;
				CLANG_WARN_EMPTY_BODY = YES;
				CLANG_WARN_ENUM_CONVERSION = YES;
				CLANG_WARN_INFINITE_RECURSION = YES;
				CLANG_WARN_INT_CONVERSION = YES;
				CLANG_WARN_NON_LITERAL_NULL_CONVERSION = YES;
				CLANG_WARN_OBJC_IMPLICIT_RETAIN_SELF = YES;
				CLANG_WARN_OBJC_LITERAL_CONVERSION = YES;
				CLANG_WARN_OBJC_ROOT_CLASS = YES_ERROR;
				CLANG_WARN_RANGE_LOOP_ANALYSIS = YES;
				CLANG_WARN_STRICT_PROTOTYPES = YES;
				CLANG_WARN_SUSPICIOUS_MOVE = YES;
				CLANG_WARN_UNGUARDED_AVAILABILITY = YES_AGGRESSIVE;
				CLANG_WARN_UNREACHABLE_CODE = YES;
				CLANG_WARN__DUPLICATE_METHOD_MATCH = YES;
				CODE_SIGN_IDENTITY = "Mac Developer";
				COPY_PHASE_STRIP = NO;
				DEBUG_INFORMATION_FORMAT = dwarf;
				ENABLE_STRICT_OBJC_MSGSEND = YES;
				ENABLE_TESTABILITY = YES;
				GCC_C_LANGUAGE_STANDARD = gnu11;
				GCC_DYNAMIC_NO_PIC = NO;
				GCC_NO_COMMON_BLOCKS = YES;
				GCC_OPTIMIZATION_LEVEL = 0;
				GCC_PREPROCESSOR_DEFINITIONS = (
					"DEBUG=1",
					"$(inherited)",
				);
				GCC_WARN_64_TO_32_BIT_CONVERSION = YES;
				GCC_WARN_ABOUT_RETURN_TYPE = YES_ERROR;
				GCC_WARN_UNDECLARED_SELECTOR = YES;
				GCC_WARN_UNINITIALIZED_AUTOS = YES_AGGRESSIVE;
				GCC_WARN_UNUSED_FUNCTION = YES;
				GCC_WARN_UNUSED_VARIABLE = YES;
				MACOSX_DEPLOYMENT_TARGET = 10.13;
				MTL_ENABLE_DEBUG_INFO = INCLUDE_SOURCE;
				MTL_FAST_MATH = YES;
				ONLY_ACTIVE_ARCH = YES;
				SDKROOT = macosx;
				SWIFT_ACTIVE_COMPILATION_CONDITIONS = DEBUG;
				SWIFT_OPTIMIZATION_LEVEL = "-Onone";
			};
			name = Debug;
		};
		42565CD3213EFA7200FABCCD /* Release */ = {
			isa = XCBuildConfiguration;
			buildSettings = {
				ALWAYS_SEARCH_USER_PATHS = NO;
				CLANG_ANALYZER_NONNULL = YES;
				CLANG_ANALYZER_NUMBER_OBJECT_CONVERSION = YES_AGGRESSIVE;
				CLANG_CXX_LANGUAGE_STANDARD = "gnu++14";
				CLANG_CXX_LIBRARY = "libc++";
				CLANG_ENABLE_MODULES = YES;
				CLANG_ENABLE_OBJC_ARC = YES;
				CLANG_ENABLE_OBJC_WEAK = YES;
				CLANG_WARN_BLOCK_CAPTURE_AUTORELEASING = YES;
				CLANG_WARN_BOOL_CONVERSION = YES;
				CLANG_WARN_COMMA = YES;
				CLANG_WARN_CONSTANT_CONVERSION = YES;
				CLANG_WARN_DEPRECATED_OBJC_IMPLEMENTATIONS = YES;
				CLANG_WARN_DIRECT_OBJC_ISA_USAGE = YES_ERROR;
				CLANG_WARN_DOCUMENTATION_COMMENTS = YES;
				CLANG_WARN_EMPTY_BODY = YES;
				CLANG_WARN_ENUM_CONVERSION = YES;
				CLANG_WARN_INFINITE_RECURSION = YES;
				CLANG_WARN_INT_CONVERSION = YES;
				CLANG_WARN_NON_LITERAL_NULL_CONVERSION = YES;
				CLANG_WARN_OBJC_IMPLICIT_RETAIN_SELF = YES;
				CLANG_WARN_OBJC_LITERAL_CONVERSION = YES;
				CLANG_WARN_OBJC_ROOT_CLASS = YES_ERROR;
				CLANG_WARN_RANGE_LOOP_ANALYSIS = YES;
				CLANG_WARN_STRICT_PROTOTYPES = YES;
				CLANG_WARN_SUSPICIOUS_MOVE = YES;
				CLANG_WARN_UNGUARDED_AVAILABILITY = YES_AGGRESSIVE;
				CLANG_WARN_UNREACHABLE_CODE = YES;
				CLANG_WARN__DUPLICATE_METHOD_MATCH = YES;
				CODE_SIGN_IDENTITY = "Mac Developer";
				COPY_PHASE_STRIP = NO;
				DEBUG_INFORMATION_FORMAT = "dwarf-with-dsym";
				ENABLE_NS_ASSERTIONS = NO;
				ENABLE_STRICT_OBJC_MSGSEND = YES;
				GCC_C_LANGUAGE_STANDARD = gnu11;
				GCC_NO_COMMON_BLOCKS = YES;
				GCC_WARN_64_TO_32_BIT_CONVERSION = YES;
				GCC_WARN_ABOUT_RETURN_TYPE = YES_ERROR;
				GCC_WARN_UNDECLARED_SELECTOR = YES;
				GCC_WARN_UNINITIALIZED_AUTOS = YES_AGGRESSIVE;
				GCC_WARN_UNUSED_FUNCTION = YES;
				GCC_WARN_UNUSED_VARIABLE = YES;
				MACOSX_DEPLOYMENT_TARGET = 10.13;
				MTL_ENABLE_DEBUG_INFO = NO;
				MTL_FAST_MATH = YES;
				SDKROOT = macosx;
				SWIFT_COMPILATION_MODE = wholemodule;
				SWIFT_OPTIMIZATION_LEVEL = "-O";
			};
			name = Release;
		};
		42565CD5213EFA7200FABCCD /* Debug */ = {
			isa = XCBuildConfiguration;
			buildSettings = {
				CODE_SIGN_STYLE = Automatic;
				DEVELOPMENT_TEAM = 7G2XZXD8B4;
				PRODUCT_NAME = "$(TARGET_NAME)";
				SWIFT_VERSION = 4.2;
			};
			name = Debug;
		};
		42565CD6213EFA7200FABCCD /* Release */ = {
			isa = XCBuildConfiguration;
			buildSettings = {
				CODE_SIGN_STYLE = Automatic;
				DEVELOPMENT_TEAM = 7G2XZXD8B4;
				PRODUCT_NAME = "$(TARGET_NAME)";
				SWIFT_VERSION = 4.2;
			};
			name = Release;
		};
/* End XCBuildConfiguration section */

/* Begin XCConfigurationList section */
		42565CC8213EFA7200FABCCD /* Build configuration list for PBXProject "LazyPrefix" */ = {
			isa = XCConfigurationList;
			buildConfigurations = (
				42565CD2213EFA7200FABCCD /* Debug */,
				42565CD3213EFA7200FABCCD /* Release */,
			);
			defaultConfigurationIsVisible = 0;
			defaultConfigurationName = Release;
		};
		42565CD4213EFA7200FABCCD /* Build configuration list for PBXNativeTarget "LazyPrefix" */ = {
			isa = XCConfigurationList;
			buildConfigurations = (
				42565CD5213EFA7200FABCCD /* Debug */,
				42565CD6213EFA7200FABCCD /* Release */,
			);
			defaultConfigurationIsVisible = 0;
			defaultConfigurationName = Release;
		};
/* End XCConfigurationList section */
	};
	rootObject = 42565CC5213EFA7200FABCCD /* Project object */;
}
